
Microsoft Visual Studio Solution File, Format Version 12.00
# Visual Studio Version 17
VisualStudioVersion = 17.0.32112.339
MinimumVisualStudioVersion = 10.0.40219.1
Project("{FAE04EC0-301F-11D3-BF4B-00C04F79EFBC}") = "Auth bot", "Auth bot\Auth bot.csproj", "{DF1FCA9E-EDDE-46DA-872B-CA66BA88C0C1}"
EndProject
Global
	GlobalSection(SolutionConfigurationPlatforms) = preSolution
		Debug|Any CPU = Debug|Any CPU
		Release|Any CPU = Release|Any CPU
	EndGlobalSection
	GlobalSection(ProjectConfigurationPlatforms) = postSolution
		{DF1FCA9E-EDDE-46DA-872B-CA66BA88C0C1}.Debug|Any CPU.ActiveCfg = Debug|Any CPU
		{DF1FCA9E-EDDE-46DA-872B-CA66BA88C0C1}.Debug|Any CPU.Build.0 = Debug|Any CPU
		{DF1FCA9E-EDDE-46DA-872B-CA66BA88C0C1}.Release|Any CPU.ActiveCfg = Release|Any CPU
		{DF1FCA9E-EDDE-46DA-872B-CA66BA88C0C1}.Release|Any CPU.Build.0 = Release|Any CPU
	EndGlobalSection
	GlobalSection(SolutionProperties) = preSolution
		HideSolutionNode = FALSE
	EndGlobalSection
	GlobalSection(ExtensibilityGlobals) = postSolution
		SolutionGuid = {4F13D6B6-7FBE-4256-8584-291ECD7EAD8E}
	EndGlobalSection
EndGlobal
